# This file is automatically @generated by Cargo.
# It is not intended for manual editing.
version = 4

[[package]]
name = "mailbox"
version = "0.1.0"
dependencies = [
 "mailbox-harness",
 "mailbox-protocol",
]

[[package]]
name = "mailbox-harness"
version = "0.1.0"
dependencies = [
 "mailbox-protocol",
]

[[package]]
name = "mailbox-protocol"
version = "0.1.0"
